
Microsoft Visual Studio Solution File, Format Version 12.00
# Visual Studio Version 17
VisualStudioVersion = 17.5.33530.505
MinimumVisualStudioVersion = 10.0.40219.1
Project("{FAE04EC0-301F-11D3-BF4B-00C04F79EFBC}") = "pudov.im.lab8.3", "pudov.im.lab8.3\pudov.im.lab8.3.csproj", "{57600108-304E-4790-8F11-133307C7989A}"
EndProject
Global
	GlobalSection(SolutionConfigurationPlatforms) = preSolution
		Debug|Any CPU = Debug|Any CPU
		Release|Any CPU = Release|Any CPU
	EndGlobalSection
	GlobalSection(ProjectConfigurationPlatforms) = postSolution
		{57600108-304E-4790-8F11-133307C7989A}.Debug|Any CPU.ActiveCfg = Debug|Any CPU
		{57600108-304E-4790-8F11-133307C7989A}.Debug|Any CPU.Build.0 = Debug|Any CPU
		{57600108-304E-4790-8F11-133307C7989A}.Release|Any CPU.ActiveCfg = Release|Any CPU
		{57600108-304E-4790-8F11-133307C7989A}.Release|Any CPU.Build.0 = Release|Any CPU
	EndGlobalSection
	GlobalSection(SolutionProperties) = preSolution
		HideSolutionNode = FALSE
	EndGlobalSection
	GlobalSection(ExtensibilityGlobals) = postSolution
		SolutionGuid = {3DBF1797-A324-412F-9497-2729FD10EB77}
	EndGlobalSection
EndGlobal
